// !$*UTF8*$!
{
	archiveVersion = 1;
	classes = {
	};
	objectVersion = 56;
	objects = {

/* Begin PBXBuildFile section */
		3E50ED172985BB9200FACC47 /* HackTAMUApp.swift in Sources */ = {isa = PBXBuildFile; fileRef = 3E50ED162985BB9200FACC47 /* HackTAMUApp.swift */; };
		3E50ED192985BB9200FACC47 /* HomeView.swift in Sources */ = {isa = PBXBuildFile; fileRef = 3E50ED182985BB9200FACC47 /* HomeView.swift */; };
		3E50ED1B2985BB9300FACC47 /* Assets.xcassets in Resources */ = {isa = PBXBuildFile; fileRef = 3E50ED1A2985BB9300FACC47 /* Assets.xcassets */; };
		3E50ED1E2985BB9300FACC47 /* Preview Assets.xcassets in Resources */ = {isa = PBXBuildFile; fileRef = 3E50ED1D2985BB9300FACC47 /* Preview Assets.xcassets */; };
		3E50ED272985BC2600FACC47 /* LoginView.swift in Sources */ = {isa = PBXBuildFile; fileRef = 3E50ED262985BC2600FACC47 /* LoginView.swift */; };
		3E50ED292985BC3300FACC47 /* SignupView.swift in Sources */ = {isa = PBXBuildFile; fileRef = 3E50ED282985BC3300FACC47 /* SignupView.swift */; };
		3E50ED2B2985BC4600FACC47 /* OnboardingView.swift in Sources */ = {isa = PBXBuildFile; fileRef = 3E50ED2A2985BC4600FACC47 /* OnboardingView.swift */; };
		3E50ED2E2985BC5A00FACC47 /* NavigationBar.swift in Sources */ = {isa = PBXBuildFile; fileRef = 3E50ED2D2985BC5A00FACC47 /* NavigationBar.swift */; };
		3E50ED302985BC7D00FACC47 /* CircleGraph.swift in Sources */ = {isa = PBXBuildFile; fileRef = 3E50ED2F2985BC7D00FACC47 /* CircleGraph.swift */; };
		3E50ED322985C53A00FACC47 /* LayeredBackground.swift in Sources */ = {isa = PBXBuildFile; fileRef = 3E50ED312985C53A00FACC47 /* LayeredBackground.swift */; };
		3ECC145E2985E7C9004CA990 /* GoogleService-Info.plist in Resources */ = {isa = PBXBuildFile; fileRef = 3ECC145D2985E7C9004CA990 /* GoogleService-Info.plist */; };
		3ECC14612985E86F004CA990 /* FirebaseAnalytics in Frameworks */ = {isa = PBXBuildFile; productRef = 3ECC14602985E86F004CA990 /* FirebaseAnalytics */; };
		3ECC14632985E86F004CA990 /* FirebaseAuth in Frameworks */ = {isa = PBXBuildFile; productRef = 3ECC14622985E86F004CA990 /* FirebaseAuth */; };
		3ECC14652985E86F004CA990 /* FirebaseAuthCombine-Community in Frameworks */ = {isa = PBXBuildFile; productRef = 3ECC14642985E86F004CA990 /* FirebaseAuthCombine-Community */; };
		3ECC14672985E86F004CA990 /* FirebaseDatabase in Frameworks */ = {isa = PBXBuildFile; productRef = 3ECC14662985E86F004CA990 /* FirebaseDatabase */; };
		3ECC14692985E86F004CA990 /* FirebaseFirestore in Frameworks */ = {isa = PBXBuildFile; productRef = 3ECC14682985E86F004CA990 /* FirebaseFirestore */; };
/* End PBXBuildFile section */

/* Begin PBXFileReference section */
		3E50ED132985BB9200FACC47 /* HackTAMU.app */ = {isa = PBXFileReference; explicitFileType = wrapper.application; includeInIndex = 0; path = HackTAMU.app; sourceTree = BUILT_PRODUCTS_DIR; };
		3E50ED162985BB9200FACC47 /* HackTAMUApp.swift */ = {isa = PBXFileReference; lastKnownFileType = sourcecode.swift; path = HackTAMUApp.swift; sourceTree = "<group>"; };
		3E50ED182985BB9200FACC47 /* HomeView.swift */ = {isa = PBXFileReference; lastKnownFileType = sourcecode.swift; path = HomeView.swift; sourceTree = "<group>"; };
		3E50ED1A2985BB9300FACC47 /* Assets.xcassets */ = {isa = PBXFileReference; lastKnownFileType = folder.assetcatalog; path = Assets.xcassets; sourceTree = "<group>"; };
		3E50ED1D2985BB9300FACC47 /* Preview Assets.xcassets */ = {isa = PBXFileReference; lastKnownFileType = folder.assetcatalog; path = "Preview Assets.xcassets"; sourceTree = "<group>"; };
		3E50ED262985BC2600FACC47 /* LoginView.swift */ = {isa = PBXFileReference; lastKnownFileType = sourcecode.swift; path = LoginView.swift; sourceTree = "<group>"; };
		3E50ED282985BC3300FACC47 /* SignupView.swift */ = {isa = PBXFileReference; lastKnownFileType = sourcecode.swift; path = SignupView.swift; sourceTree = "<group>"; };
		3E50ED2A2985BC4600FACC47 /* OnboardingView.swift */ = {isa = PBXFileReference; lastKnownFileType = sourcecode.swift; path = OnboardingView.swift; sourceTree = "<group>"; };
		3E50ED2D2985BC5A00FACC47 /* NavigationBar.swift */ = {isa = PBXFileReference; lastKnownFileType = sourcecode.swift; path = NavigationBar.swift; sourceTree = "<group>"; };
		3E50ED2F2985BC7D00FACC47 /* CircleGraph.swift */ = {isa = PBXFileReference; lastKnownFileType = sourcecode.swift; path = CircleGraph.swift; sourceTree = "<group>"; };
		3E50ED312985C53A00FACC47 /* LayeredBackground.swift */ = {isa = PBXFileReference; lastKnownFileType = sourcecode.swift; path = LayeredBackground.swift; sourceTree = "<group>"; };
		3ECC145D2985E7C9004CA990 /* GoogleService-Info.plist */ = {isa = PBXFileReference; fileEncoding = 4; lastKnownFileType = text.plist.xml; path = "GoogleService-Info.plist"; sourceTree = "<group>"; };
/* End PBXFileReference section */

/* Begin PBXFrameworksBuildPhase section */
		3E50ED102985BB9200FACC47 /* Frameworks */ = {
			isa = PBXFrameworksBuildPhase;
			buildActionMask = 2147483647;
			files = (
				3ECC14612985E86F004CA990 /* FirebaseAnalytics in Frameworks */,
				3ECC14652985E86F004CA990 /* FirebaseAuthCombine-Community in Frameworks */,
				3ECC14672985E86F004CA990 /* FirebaseDatabase in Frameworks */,
				3ECC14692985E86F004CA990 /* FirebaseFirestore in Frameworks */,
				3ECC14632985E86F004CA990 /* FirebaseAuth in Frameworks */,
			);
			runOnlyForDeploymentPostprocessing = 0;
		};
/* End PBXFrameworksBuildPhase section */

/* Begin PBXGroup section */
		3E50ED0A2985BB9200FACC47 = {
			isa = PBXGroup;
			children = (
				3E50ED152985BB9200FACC47 /* HackTAMU */,
				3E50ED142985BB9200FACC47 /* Products */,
			);
			sourceTree = "<group>";
		};
		3E50ED142985BB9200FACC47 /* Products */ = {
			isa = PBXGroup;
			children = (
				3E50ED132985BB9200FACC47 /* HackTAMU.app */,
			);
			name = Products;
			sourceTree = "<group>";
		};
		3E50ED152985BB9200FACC47 /* HackTAMU */ = {
			isa = PBXGroup;
			children = (
				3E50ED2C2985BC4D00FACC47 /* Components */,
				3E50ED242985BB9B00FACC47 /* Screens */,
				3E50ED162985BB9200FACC47 /* HackTAMUApp.swift */,
				3E50ED1A2985BB9300FACC47 /* Assets.xcassets */,
				3E50ED1C2985BB9300FACC47 /* Preview Content */,
			);
			path = HackTAMU;
			sourceTree = "<group>";
		};
		3E50ED1C2985BB9300FACC47 /* Preview Content */ = {
			isa = PBXGroup;
			children = (
				3E50ED1D2985BB9300FACC47 /* Preview Assets.xcassets */,
			);
			path = "Preview Content";
			sourceTree = "<group>";
		};
		3E50ED242985BB9B00FACC47 /* Screens */ = {
			isa = PBXGroup;
			children = (
				3E50ED252985BC1000FACC47 /* Authentication */,
				3E50ED182985BB9200FACC47 /* HomeView.swift */,
				3E50ED2A2985BC4600FACC47 /* OnboardingView.swift */,
			);
			path = Screens;
			sourceTree = "<group>";
		};
		3E50ED252985BC1000FACC47 /* Authentication */ = {
			isa = PBXGroup;
			children = (
				3ECC145D2985E7C9004CA990 /* GoogleService-Info.plist */,
				3E50ED262985BC2600FACC47 /* LoginView.swift */,
				3E50ED282985BC3300FACC47 /* SignupView.swift */,
			);
			path = Authentication;
			sourceTree = "<group>";
		};
		3E50ED2C2985BC4D00FACC47 /* Components */ = {
			isa = PBXGroup;
			children = (
				3E50ED2D2985BC5A00FACC47 /* NavigationBar.swift */,
				3E50ED2F2985BC7D00FACC47 /* CircleGraph.swift */,
				3E50ED312985C53A00FACC47 /* LayeredBackground.swift */,
			);
			path = Components;
			sourceTree = "<group>";
		};
/* End PBXGroup section */

/* Begin PBXNativeTarget section */
		3E50ED122985BB9200FACC47 /* HackTAMU */ = {
			isa = PBXNativeTarget;
			buildConfigurationList = 3E50ED212985BB9300FACC47 /* Build configuration list for PBXNativeTarget "HackTAMU" */;
			buildPhases = (
				3E50ED0F2985BB9200FACC47 /* Sources */,
				3E50ED102985BB9200FACC47 /* Frameworks */,
				3E50ED112985BB9200FACC47 /* Resources */,
			);
			buildRules = (
			);
			dependencies = (
			);
			name = HackTAMU;
			packageProductDependencies = (
				3ECC14602985E86F004CA990 /* FirebaseAnalytics */,
				3ECC14622985E86F004CA990 /* FirebaseAuth */,
				3ECC14642985E86F004CA990 /* FirebaseAuthCombine-Community */,
				3ECC14662985E86F004CA990 /* FirebaseDatabase */,
				3ECC14682985E86F004CA990 /* FirebaseFirestore */,
			);
			productName = HackTAMU;
			productReference = 3E50ED132985BB9200FACC47 /* HackTAMU.app */;
			productType = "com.apple.product-type.application";
		};
/* End PBXNativeTarget section */

/* Begin PBXProject section */
		3E50ED0B2985BB9200FACC47 /* Project object */ = {
			isa = PBXProject;
			attributes = {
				BuildIndependentTargetsInParallel = 1;
				LastSwiftUpdateCheck = 1420;
				LastUpgradeCheck = 1420;
				TargetAttributes = {
					3E50ED122985BB9200FACC47 = {
						CreatedOnToolsVersion = 14.2;
					};
				};
			};
			buildConfigurationList = 3E50ED0E2985BB9200FACC47 /* Build configuration list for PBXProject "HackTAMU" */;
			compatibilityVersion = "Xcode 14.0";
			developmentRegion = en;
			hasScannedForEncodings = 0;
			knownRegions = (
				en,
				Base,
			);
			mainGroup = 3E50ED0A2985BB9200FACC47;
			packageReferences = (
				3ECC145F2985E86F004CA990 /* XCRemoteSwiftPackageReference "firebase-ios-sdk" */,
			);
			productRefGroup = 3E50ED142985BB9200FACC47 /* Products */;
			projectDirPath = "";
			projectRoot = "";
			targets = (
				3E50ED122985BB9200FACC47 /* HackTAMU */,
			);
		};
/* End PBXProject section */

/* Begin PBXResourcesBuildPhase section */
		3E50ED112985BB9200FACC47 /* Resources */ = {
			isa = PBXResourcesBuildPhase;
			buildActionMask = 2147483647;
			files = (
				3E50ED1E2985BB9300FACC47 /* Preview Assets.xcassets in Resources */,
				3ECC145E2985E7C9004CA990 /* GoogleService-Info.plist in Resources */,
				3E50ED1B2985BB9300FACC47 /* Assets.xcassets in Resources */,
			);
			runOnlyForDeploymentPostprocessing = 0;
		};
/* End PBXResourcesBuildPhase section */

/* Begin PBXSourcesBuildPhase section */
		3E50ED0F2985BB9200FACC47 /* Sources */ = {
			isa = PBXSourcesBuildPhase;
			buildActionMask = 2147483647;
			files = (
				3E50ED322985C53A00FACC47 /* LayeredBackground.swift in Sources */,
				3E50ED292985BC3300FACC47 /* SignupView.swift in Sources */,
				3E50ED272985BC2600FACC47 /* LoginView.swift in Sources */,
				3E50ED302985BC7D00FACC47 /* CircleGraph.swift in Sources */,
				3E50ED192985BB9200FACC47 /* HomeView.swift in Sources */,
				3E50ED2B2985BC4600FACC47 /* OnboardingView.swift in Sources */,
				3E50ED172985BB9200FACC47 /* HackTAMUApp.swift in Sources */,
				3E50ED2E2985BC5A00FACC47 /* NavigationBar.swift in Sources */,
			);
			runOnlyForDeploymentPostprocessing = 0;
		};
/* End PBXSourcesBuildPhase section */

/* Begin XCBuildConfiguration section */
		3E50ED1F2985BB9300FACC47 /* Debug */ = {
			isa = XCBuildConfiguration;
			buildSettings = {
				ALWAYS_SEARCH_USER_PATHS = NO;
				CLANG_ANALYZER_NONNULL = YES;
				CLANG_ANALYZER_NUMBER_OBJECT_CONVERSION = YES_AGGRESSIVE;
				CLANG_CXX_LANGUAGE_STANDARD = "gnu++20";
				CLANG_ENABLE_MODULES = YES;
				CLANG_ENABLE_OBJC_ARC = YES;
				CLANG_ENABLE_OBJC_WEAK = YES;
				CLANG_WARN_BLOCK_CAPTURE_AUTORELEASING = YES;
				CLANG_WARN_BOOL_CONVERSION = YES;
				CLANG_WARN_COMMA = YES;
				CLANG_WARN_CONSTANT_CONVERSION = YES;
				CLANG_WARN_DEPRECATED_OBJC_IMPLEMENTATIONS = YES;
				CLANG_WARN_DIRECT_OBJC_ISA_USAGE = YES_ERROR;
				CLANG_WARN_DOCUMENTATION_COMMENTS = YES;
				CLANG_WARN_EMPTY_BODY = YES;
				CLANG_WARN_ENUM_CONVERSION = YES;
				CLANG_WARN_INFINITE_RECURSION = YES;
				CLANG_WARN_INT_CONVERSION = YES;
				CLANG_WARN_NON_LITERAL_NULL_CONVERSION = YES;
				CLANG_WARN_OBJC_IMPLICIT_RETAIN_SELF = YES;
				CLANG_WARN_OBJC_LITERAL_CONVERSION = YES;
				CLANG_WARN_OBJC_ROOT_CLASS = YES_ERROR;
				CLANG_WARN_QUOTED_INCLUDE_IN_FRAMEWORK_HEADER = YES;
				CLANG_WARN_RANGE_LOOP_ANALYSIS = YES;
				CLANG_WARN_STRICT_PROTOTYPES = YES;
				CLANG_WARN_SUSPICIOUS_MOVE = YES;
				CLANG_WARN_UNGUARDED_AVAILABILITY = YES_AGGRESSIVE;
				CLANG_WARN_UNREACHABLE_CODE = YES;
				CLANG_WARN__DUPLICATE_METHOD_MATCH = YES;
				COPY_PHASE_STRIP = NO;
				DEBUG_INFORMATION_FORMAT = dwarf;
				ENABLE_STRICT_OBJC_MSGSEND = YES;
				ENABLE_TESTABILITY = YES;
				GCC_C_LANGUAGE_STANDARD = gnu11;
				GCC_DYNAMIC_NO_PIC = NO;
				GCC_NO_COMMON_BLOCKS = YES;
				GCC_OPTIMIZATION_LEVEL = 0;
				GCC_PREPROCESSOR_DEFINITIONS = (
					"DEBUG=1",
					"$(inherited)",
				);
				GCC_WARN_64_TO_32_BIT_CONVERSION = YES;
				GCC_WARN_ABOUT_RETURN_TYPE = YES_ERROR;
				GCC_WARN_UNDECLARED_SELECTOR = YES;
				GCC_WARN_UNINITIALIZED_AUTOS = YES_AGGRESSIVE;
				GCC_WARN_UNUSED_FUNCTION = YES;
				GCC_WARN_UNUSED_VARIABLE = YES;
				IPHONEOS_DEPLOYMENT_TARGET = 16.2;
				MTL_ENABLE_DEBUG_INFO = INCLUDE_SOURCE;
				MTL_FAST_MATH = YES;
				ONLY_ACTIVE_ARCH = YES;
				SDKROOT = iphoneos;
				SWIFT_ACTIVE_COMPILATION_CONDITIONS = DEBUG;
				SWIFT_OPTIMIZATION_LEVEL = "-Onone";
			};
			name = Debug;
		};
		3E50ED202985BB9300FACC47 /* Release */ = {
			isa = XCBuildConfiguration;
			buildSettings = {
				ALWAYS_SEARCH_USER_PATHS = NO;
				CLANG_ANALYZER_NONNULL = YES;
				CLANG_ANALYZER_NUMBER_OBJECT_CONVERSION = YES_AGGRESSIVE;
				CLANG_CXX_LANGUAGE_STANDARD = "gnu++20";
				CLANG_ENABLE_MODULES = YES;
				CLANG_ENABLE_OBJC_ARC = YES;
				CLANG_ENABLE_OBJC_WEAK = YES;
				CLANG_WARN_BLOCK_CAPTURE_AUTORELEASING = YES;
				CLANG_WARN_BOOL_CONVERSION = YES;
				CLANG_WARN_COMMA = YES;
				CLANG_WARN_CONSTANT_CONVERSION = YES;
				CLANG_WARN_DEPRECATED_OBJC_IMPLEMENTATIONS = YES;
				CLANG_WARN_DIRECT_OBJC_ISA_USAGE = YES_ERROR;
				CLANG_WARN_DOCUMENTATION_COMMENTS = YES;
				CLANG_WARN_EMPTY_BODY = YES;
				CLANG_WARN_ENUM_CONVERSION = YES;
				CLANG_WARN_INFINITE_RECURSION = YES;
				CLANG_WARN_INT_CONVERSION = YES;
				CLANG_WARN_NON_LITERAL_NULL_CONVERSION = YES;
				CLANG_WARN_OBJC_IMPLICIT_RETAIN_SELF = YES;
				CLANG_WARN_OBJC_LITERAL_CONVERSION = YES;
				CLANG_WARN_OBJC_ROOT_CLASS = YES_ERROR;
				CLANG_WARN_QUOTED_INCLUDE_IN_FRAMEWORK_HEADER = YES;
				CLANG_WARN_RANGE_LOOP_ANALYSIS = YES;
				CLANG_WARN_STRICT_PROTOTYPES = YES;
				CLANG_WARN_SUSPICIOUS_MOVE = YES;
				CLANG_WARN_UNGUARDED_AVAILABILITY = YES_AGGRESSIVE;
				CLANG_WARN_UNREACHABLE_CODE = YES;
				CLANG_WARN__DUPLICATE_METHOD_MATCH = YES;
				COPY_PHASE_STRIP = NO;
				DEBUG_INFORMATION_FORMAT = "dwarf-with-dsym";
				ENABLE_NS_ASSERTIONS = NO;
				ENABLE_STRICT_OBJC_MSGSEND = YES;
				GCC_C_LANGUAGE_STANDARD = gnu11;
				GCC_NO_COMMON_BLOCKS = YES;
				GCC_WARN_64_TO_32_BIT_CONVERSION = YES;
				GCC_WARN_ABOUT_RETURN_TYPE = YES_ERROR;
				GCC_WARN_UNDECLARED_SELECTOR = YES;
				GCC_WARN_UNINITIALIZED_AUTOS = YES_AGGRESSIVE;
				GCC_WARN_UNUSED_FUNCTION = YES;
				GCC_WARN_UNUSED_VARIABLE = YES;
				IPHONEOS_DEPLOYMENT_TARGET = 16.2;
				MTL_ENABLE_DEBUG_INFO = NO;
				MTL_FAST_MATH = YES;
				SDKROOT = iphoneos;
				SWIFT_COMPILATION_MODE = wholemodule;
				SWIFT_OPTIMIZATION_LEVEL = "-O";
				VALIDATE_PRODUCT = YES;
			};
			name = Release;
		};
		3E50ED222985BB9300FACC47 /* Debug */ = {
			isa = XCBuildConfiguration;
			buildSettings = {
				ASSETCATALOG_COMPILER_APPICON_NAME = AppIcon;
				ASSETCATALOG_COMPILER_GLOBAL_ACCENT_COLOR_NAME = AccentColor;
				CODE_SIGN_STYLE = Automatic;
				CURRENT_PROJECT_VERSION = 1;
				DEVELOPMENT_ASSET_PATHS = "\"HackTAMU/Preview Content\"";
				ENABLE_PREVIEWS = YES;
				GENERATE_INFOPLIST_FILE = YES;
				INFOPLIST_KEY_UIApplicationSceneManifest_Generation = YES;
				INFOPLIST_KEY_UIApplicationSupportsIndirectInputEvents = YES;
				INFOPLIST_KEY_UILaunchScreen_Generation = YES;
				INFOPLIST_KEY_UISupportedInterfaceOrientations_iPad = "UIInterfaceOrientationPortrait UIInterfaceOrientationPortraitUpsideDown UIInterfaceOrientationLandscapeLeft UIInterfaceOrientationLandscapeRight";
				INFOPLIST_KEY_UISupportedInterfaceOrientations_iPhone = "UIInterfaceOrientationPortrait UIInterfaceOrientationLandscapeLeft UIInterfaceOrientationLandscapeRight";
				LD_RUNPATH_SEARCH_PATHS = (
					"$(inherited)",
					"@executable_path/Frameworks",
				);
				MARKETING_VERSION = 1.0;
				PRODUCT_BUNDLE_IDENTIFIER = itsAmyHong.HackTAMU;
				PRODUCT_NAME = "$(TARGET_NAME)";
				SWIFT_EMIT_LOC_STRINGS = YES;
				SWIFT_VERSION = 5.0;
				TARGETED_DEVICE_FAMILY = "1,2";
			};
			name = Debug;
		};
		3E50ED232985BB9300FACC47 /* Release */ = {
			isa = XCBuildConfiguration;
			buildSettings = {
				ASSETCATALOG_COMPILER_APPICON_NAME = AppIcon;
				ASSETCATALOG_COMPILER_GLOBAL_ACCENT_COLOR_NAME = AccentColor;
				CODE_SIGN_STYLE = Automatic;
				CURRENT_PROJECT_VERSION = 1;
				DEVELOPMENT_ASSET_PATHS = "\"HackTAMU/Preview Content\"";
				ENABLE_PREVIEWS = YES;
				GENERATE_INFOPLIST_FILE = YES;
				INFOPLIST_KEY_UIApplicationSceneManifest_Generation = YES;
				INFOPLIST_KEY_UIApplicationSupportsIndirectInputEvents = YES;
				INFOPLIST_KEY_UILaunchScreen_Generation = YES;
				INFOPLIST_KEY_UISupportedInterfaceOrientations_iPad = "UIInterfaceOrientationPortrait UIInterfaceOrientationPortraitUpsideDown UIInterfaceOrientationLandscapeLeft UIInterfaceOrientationLandscapeRight";
				INFOPLIST_KEY_UISupportedInterfaceOrientations_iPhone = "UIInterfaceOrientationPortrait UIInterfaceOrientationLandscapeLeft UIInterfaceOrientationLandscapeRight";
				LD_RUNPATH_SEARCH_PATHS = (
					"$(inherited)",
					"@executable_path/Frameworks",
				);
				MARKETING_VERSION = 1.0;
				PRODUCT_BUNDLE_IDENTIFIER = itsAmyHong.HackTAMU;
				PRODUCT_NAME = "$(TARGET_NAME)";
				SWIFT_EMIT_LOC_STRINGS = YES;
				SWIFT_VERSION = 5.0;
				TARGETED_DEVICE_FAMILY = "1,2";
			};
			name = Release;
		};
/* End XCBuildConfiguration section */

/* Begin XCConfigurationList section */
		3E50ED0E2985BB9200FACC47 /* Build configuration list for PBXProject "HackTAMU" */ = {
			isa = XCConfigurationList;
			buildConfigurations = (
				3E50ED1F2985BB9300FACC47 /* Debug */,
				3E50ED202985BB9300FACC47 /* Release */,
			);
			defaultConfigurationIsVisible = 0;
			defaultConfigurationName = Release;
		};
		3E50ED212985BB9300FACC47 /* Build configuration list for PBXNativeTarget "HackTAMU" */ = {
			isa = XCConfigurationList;
			buildConfigurations = (
				3E50ED222985BB9300FACC47 /* Debug */,
				3E50ED232985BB9300FACC47 /* Release */,
			);
			defaultConfigurationIsVisible = 0;
			defaultConfigurationName = Release;
		};
/* End XCConfigurationList section */

/* Begin XCRemoteSwiftPackageReference section */
		3ECC145F2985E86F004CA990 /* XCRemoteSwiftPackageReference "firebase-ios-sdk" */ = {
			isa = XCRemoteSwiftPackageReference;
			repositoryURL = "https://github.com/firebase/firebase-ios-sdk";
			requirement = {
				kind = upToNextMajorVersion;
				minimumVersion = 9.0.0;
			};
		};
/* End XCRemoteSwiftPackageReference section */

/* Begin XCSwiftPackageProductDependency section */
		3ECC14602985E86F004CA990 /* FirebaseAnalytics */ = {
			isa = XCSwiftPackageProductDependency;
			package = 3ECC145F2985E86F004CA990 /* XCRemoteSwiftPackageReference "firebase-ios-sdk" */;
			productName = FirebaseAnalytics;
		};
		3ECC14622985E86F004CA990 /* FirebaseAuth */ = {
			isa = XCSwiftPackageProductDependency;
			package = 3ECC145F2985E86F004CA990 /* XCRemoteSwiftPackageReference "firebase-ios-sdk" */;
			productName = FirebaseAuth;
		};
		3ECC14642985E86F004CA990 /* FirebaseAuthCombine-Community */ = {
			isa = XCSwiftPackageProductDependency;
			package = 3ECC145F2985E86F004CA990 /* XCRemoteSwiftPackageReference "firebase-ios-sdk" */;
			productName = "FirebaseAuthCombine-Community";
		};
		3ECC14662985E86F004CA990 /* FirebaseDatabase */ = {
			isa = XCSwiftPackageProductDependency;
			package = 3ECC145F2985E86F004CA990 /* XCRemoteSwiftPackageReference "firebase-ios-sdk" */;
			productName = FirebaseDatabase;
		};
		3ECC14682985E86F004CA990 /* FirebaseFirestore */ = {
			isa = XCSwiftPackageProductDependency;
			package = 3ECC145F2985E86F004CA990 /* XCRemoteSwiftPackageReference "firebase-ios-sdk" */;
			productName = FirebaseFirestore;
		};
/* End XCSwiftPackageProductDependency section */
	};
	rootObject = 3E50ED0B2985BB9200FACC47 /* Project object */;
}
